
Microsoft Visual Studio Solution File, Format Version 12.00
# Visual Studio Version 17
VisualStudioVersion = 17.0.31903.59
MinimumVisualStudioVersion = 10.0.40219.1
Project("{FAE04EC0-301F-11D3-BF4B-00C04F79EFBC}") = "LibraryManagementSystem.Domain", "Domain\LibraryManagementSystem.Domain.csproj", "{EDD413C4-7659-4B36-BDB1-B0C66F4346D0}"
EndProject
Project("{FAE04EC0-301F-11D3-BF4B-00C04F79EFBC}") = "LibraryManagementSystem.Core", "Core\LibraryManagementSystem.Core.csproj", "{3892310F-EBEC-4A86-B3A1-D3ED90E27177}"
EndProject
Project("{FAE04EC0-301F-11D3-BF4B-00C04F79EFBC}") = "LibraryManagementSystem.DataAccess", "DataAccess\LibraryManagementSystem.DataAccess.csproj", "{4650B447-FA31-4FE8-B103-D7CE840981CE}"
EndProject
Project("{FAE04EC0-301F-11D3-BF4B-00C04F79EFBC}") = "LibraryManagementSystem.Business", "Business\LibraryManagementSystem.Business.csproj", "{D2449F77-AEE7-4556-B487-1940F82AD035}"
EndProject
Project("{FAE04EC0-301F-11D3-BF4B-00C04F79EFBC}") = "LibraryManagementSystem.WebAPI", "WebAPI\LibraryManagementSystem.WebAPI.csproj", "{A8AA03F7-9594-4742-94BD-6E25E472652E}"
EndProject
Global
	GlobalSection(SolutionConfigurationPlatforms) = preSolution
		Debug|Any CPU = Debug|Any CPU
		Release|Any CPU = Release|Any CPU
	EndGlobalSection
	GlobalSection(ProjectConfigurationPlatforms) = postSolution
		{EDD413C4-7659-4B36-BDB1-B0C66F4346D0}.Debug|Any CPU.ActiveCfg = Debug|Any CPU
		{EDD413C4-7659-4B36-BDB1-B0C66F4346D0}.Debug|Any CPU.Build.0 = Debug|Any CPU
		{EDD413C4-7659-4B36-BDB1-B0C66F4346D0}.Release|Any CPU.ActiveCfg = Release|Any CPU
		{EDD413C4-7659-4B36-BDB1-B0C66F4346D0}.Release|Any CPU.Build.0 = Release|Any CPU
		{3892310F-EBEC-4A86-B3A1-D3ED90E27177}.Debug|Any CPU.ActiveCfg = Debug|Any CPU
		{3892310F-EBEC-4A86-B3A1-D3ED90E27177}.Debug|Any CPU.Build.0 = Debug|Any CPU
		{3892310F-EBEC-4A86-B3A1-D3ED90E27177}.Release|Any CPU.ActiveCfg = Release|Any CPU
		{3892310F-EBEC-4A86-B3A1-D3ED90E27177}.Release|Any CPU.Build.0 = Release|Any CPU
		{4650B447-FA31-4FE8-B103-D7CE840981CE}.Debug|Any CPU.ActiveCfg = Debug|Any CPU
		{4650B447-FA31-4FE8-B103-D7CE840981CE}.Debug|Any CPU.Build.0 = Debug|Any CPU
		{4650B447-FA31-4FE8-B103-D7CE840981CE}.Release|Any CPU.ActiveCfg = Release|Any CPU
		{4650B447-FA31-4FE8-B103-D7CE840981CE}.Release|Any CPU.Build.0 = Release|Any CPU
		{D2449F77-AEE7-4556-B487-1940F82AD035}.Debug|Any CPU.ActiveCfg = Debug|Any CPU
		{D2449F77-AEE7-4556-B487-1940F82AD035}.Debug|Any CPU.Build.0 = Debug|Any CPU
		{D2449F77-AEE7-4556-B487-1940F82AD035}.Release|Any CPU.ActiveCfg = Release|Any CPU
		{D2449F77-AEE7-4556-B487-1940F82AD035}.Release|Any CPU.Build.0 = Release|Any CPU
		{A8AA03F7-9594-4742-94BD-6E25E472652E}.Debug|Any CPU.ActiveCfg = Debug|Any CPU
		{A8AA03F7-9594-4742-94BD-6E25E472652E}.Debug|Any CPU.Build.0 = Debug|Any CPU
		{A8AA03F7-9594-4742-94BD-6E25E472652E}.Release|Any CPU.ActiveCfg = Release|Any CPU
		{A8AA03F7-9594-4742-94BD-6E25E472652E}.Release|Any CPU.Build.0 = Release|Any CPU
	EndGlobalSection
	GlobalSection(SolutionProperties) = preSolution
		HideSolutionNode = FALSE
	EndGlobalSection
	GlobalSection(ExtensibilityGlobals) = postSolution
		SolutionGuid = {8CF835BD-D3F2-4634-A511-87A3414BCF66}
	EndGlobalSection
EndGlobal
